
Microsoft Visual Studio Solution File, Format Version 12.00
# Visual Studio Version 17
VisualStudioVersion = 17.11.35303.130
MinimumVisualStudioVersion = 10.0.40219.1
Project("{8BC9CEB8-8B4A-11D0-8D11-00A0C91BC942}") = "Project_9.1", "Project_9.1\Project_9.1.vcxproj", "{BBC3D4B6-D62F-41A2-B80B-462E32AB10EA}"
EndProject
Project("{8BC9CEB8-8B4A-11D0-8D11-00A0C91BC942}") = "UnitTest1", "UnitTest1\UnitTest1.vcxproj", "{E3E951DE-839D-46F1-AB22-A34161368AE6}"
EndProject
Global
	GlobalSection(SolutionConfigurationPlatforms) = preSolution
		Debug|x64 = Debug|x64
		Debug|x86 = Debug|x86
		Release|x64 = Release|x64
		Release|x86 = Release|x86
	EndGlobalSection
	GlobalSection(ProjectConfigurationPlatforms) = postSolution
		{BBC3D4B6-D62F-41A2-B80B-462E32AB10EA}.Debug|x64.ActiveCfg = Debug|x64
		{BBC3D4B6-D62F-41A2-B80B-462E32AB10EA}.Debug|x64.Build.0 = Debug|x64
		{BBC3D4B6-D62F-41A2-B80B-462E32AB10EA}.Debug|x86.ActiveCfg = Debug|Win32
		{BBC3D4B6-D62F-41A2-B80B-462E32AB10EA}.Debug|x86.Build.0 = Debug|Win32
		{BBC3D4B6-D62F-41A2-B80B-462E32AB10EA}.Release|x64.ActiveCfg = Release|x64
		{BBC3D4B6-D62F-41A2-B80B-462E32AB10EA}.Release|x64.Build.0 = Release|x64
		{BBC3D4B6-D62F-41A2-B80B-462E32AB10EA}.Release|x86.ActiveCfg = Release|Win32
		{BBC3D4B6-D62F-41A2-B80B-462E32AB10EA}.Release|x86.Build.0 = Release|Win32
		{E3E951DE-839D-46F1-AB22-A34161368AE6}.Debug|x64.ActiveCfg = Debug|x64
		{E3E951DE-839D-46F1-AB22-A34161368AE6}.Debug|x64.Build.0 = Debug|x64
		{E3E951DE-839D-46F1-AB22-A34161368AE6}.Debug|x86.ActiveCfg = Debug|Win32
		{E3E951DE-839D-46F1-AB22-A34161368AE6}.Debug|x86.Build.0 = Debug|Win32
		{E3E951DE-839D-46F1-AB22-A34161368AE6}.Release|x64.ActiveCfg = Release|x64
		{E3E951DE-839D-46F1-AB22-A34161368AE6}.Release|x64.Build.0 = Release|x64
		{E3E951DE-839D-46F1-AB22-A34161368AE6}.Release|x86.ActiveCfg = Release|Win32
		{E3E951DE-839D-46F1-AB22-A34161368AE6}.Release|x86.Build.0 = Release|Win32
	EndGlobalSection
	GlobalSection(SolutionProperties) = preSolution
		HideSolutionNode = FALSE
	EndGlobalSection
	GlobalSection(ExtensibilityGlobals) = postSolution
		SolutionGuid = {BF716C4D-9DD5-4686-B31E-57063ED3C83F}
	EndGlobalSection
EndGlobal
